// !$*UTF8*$!
{
	archiveVersion = 1;
	classes = {
	};
	objectVersion = 48;
	objects = {

/* Begin PBXBuildFile section */
		30702254201F422F000BCBD3 /* AppDelegate.swift in Sources */ = {isa = PBXBuildFile; fileRef = 30702253201F422F000BCBD3 /* AppDelegate.swift */; };
		30702256201F422F000BCBD3 /* ViewController.swift in Sources */ = {isa = PBXBuildFile; fileRef = 30702255201F422F000BCBD3 /* ViewController.swift */; };
		30702259201F422F000BCBD3 /* Main.storyboard in Resources */ = {isa = PBXBuildFile; fileRef = 30702257201F422F000BCBD3 /* Main.storyboard */; };
		3070225C201F422F000BCBD3 /* CWO2.xcdatamodeld in Sources */ = {isa = PBXBuildFile; fileRef = 3070225A201F422F000BCBD3 /* CWO2.xcdatamodeld */; };
		3070225E201F422F000BCBD3 /* Assets.xcassets in Resources */ = {isa = PBXBuildFile; fileRef = 3070225D201F422F000BCBD3 /* Assets.xcassets */; };
		30702261201F422F000BCBD3 /* LaunchScreen.storyboard in Resources */ = {isa = PBXBuildFile; fileRef = 3070225F201F422F000BCBD3 /* LaunchScreen.storyboard */; };
		30702269201F4594000BCBD3 /* NotesViewController.swift in Sources */ = {isa = PBXBuildFile; fileRef = 30702268201F4594000BCBD3 /* NotesViewController.swift */; };
		307CB294202077D000C7B388 /* SkillsViewController.swift in Sources */ = {isa = PBXBuildFile; fileRef = 307CB293202077D000C7B388 /* SkillsViewController.swift */; };
		307CB29620207F2700C7B388 /* LesViewController.swift in Sources */ = {isa = PBXBuildFile; fileRef = 307CB29520207F2700C7B388 /* LesViewController.swift */; };
		307CB2982020892D00C7B388 /* SelectSailorViewController.swift in Sources */ = {isa = PBXBuildFile; fileRef = 307CB2972020892D00C7B388 /* SelectSailorViewController.swift */; };
		30C299B2202271E3001207F5 /* SailorSettingsViewController.swift in Sources */ = {isa = PBXBuildFile; fileRef = 30C299B1202271E3001207F5 /* SailorSettingsViewController.swift */; };
/* End PBXBuildFile section */

/* Begin PBXFileReference section */
		30702250201F422F000BCBD3 /* CWO2.app */ = {isa = PBXFileReference; explicitFileType = wrapper.application; includeInIndex = 0; path = CWO2.app; sourceTree = BUILT_PRODUCTS_DIR; };
		30702253201F422F000BCBD3 /* AppDelegate.swift */ = {isa = PBXFileReference; lastKnownFileType = sourcecode.swift; path = AppDelegate.swift; sourceTree = "<group>"; };
		30702255201F422F000BCBD3 /* ViewController.swift */ = {isa = PBXFileReference; lastKnownFileType = sourcecode.swift; path = ViewController.swift; sourceTree = "<group>"; };
		30702258201F422F000BCBD3 /* Base */ = {isa = PBXFileReference; lastKnownFileType = file.storyboard; name = Base; path = Base.lproj/Main.storyboard; sourceTree = "<group>"; };
		3070225B201F422F000BCBD3 /* CWO2.xcdatamodel */ = {isa = PBXFileReference; lastKnownFileType = wrapper.xcdatamodel; path = CWO2.xcdatamodel; sourceTree = "<group>"; };
		3070225D201F422F000BCBD3 /* Assets.xcassets */ = {isa = PBXFileReference; lastKnownFileType = folder.assetcatalog; path = Assets.xcassets; sourceTree = "<group>"; };
		30702260201F422F000BCBD3 /* Base */ = {isa = PBXFileReference; lastKnownFileType = file.storyboard; name = Base; path = Base.lproj/LaunchScreen.storyboard; sourceTree = "<group>"; };
		30702262201F422F000BCBD3 /* Info.plist */ = {isa = PBXFileReference; lastKnownFileType = text.plist.xml; path = Info.plist; sourceTree = "<group>"; };
		30702268201F4594000BCBD3 /* NotesViewController.swift */ = {isa = PBXFileReference; lastKnownFileType = sourcecode.swift; path = NotesViewController.swift; sourceTree = "<group>"; };
		307CB293202077D000C7B388 /* SkillsViewController.swift */ = {isa = PBXFileReference; lastKnownFileType = sourcecode.swift; path = SkillsViewController.swift; sourceTree = "<group>"; };
		307CB29520207F2700C7B388 /* LesViewController.swift */ = {isa = PBXFileReference; lastKnownFileType = sourcecode.swift; path = LesViewController.swift; sourceTree = "<group>"; };
		307CB2972020892D00C7B388 /* SelectSailorViewController.swift */ = {isa = PBXFileReference; lastKnownFileType = sourcecode.swift; path = SelectSailorViewController.swift; sourceTree = "<group>"; };
		30C299B1202271E3001207F5 /* SailorSettingsViewController.swift */ = {isa = PBXFileReference; lastKnownFileType = sourcecode.swift; path = SailorSettingsViewController.swift; sourceTree = "<group>"; };
/* End PBXFileReference section */

/* Begin PBXFrameworksBuildPhase section */
		3070224D201F422F000BCBD3 /* Frameworks */ = {
			isa = PBXFrameworksBuildPhase;
			buildActionMask = 2147483647;
			files = (
			);
			runOnlyForDeploymentPostprocessing = 0;
		};
/* End PBXFrameworksBuildPhase section */

/* Begin PBXGroup section */
		30702247201F422F000BCBD3 = {
			isa = PBXGroup;
			children = (
				30702252201F422F000BCBD3 /* CWO2 */,
				30702251201F422F000BCBD3 /* Products */,
			);
			sourceTree = "<group>";
		};
		30702251201F422F000BCBD3 /* Products */ = {
			isa = PBXGroup;
			children = (
				30702250201F422F000BCBD3 /* CWO2.app */,
			);
			name = Products;
			sourceTree = "<group>";
		};
		30702252201F422F000BCBD3 /* CWO2 */ = {
			isa = PBXGroup;
			children = (
				30702253201F422F000BCBD3 /* AppDelegate.swift */,
				30702255201F422F000BCBD3 /* ViewController.swift */,
				30702257201F422F000BCBD3 /* Main.storyboard */,
				30C299B1202271E3001207F5 /* SailorSettingsViewController.swift */,
				307CB2972020892D00C7B388 /* SelectSailorViewController.swift */,
				307CB29520207F2700C7B388 /* LesViewController.swift */,
				307CB293202077D000C7B388 /* SkillsViewController.swift */,
				30702268201F4594000BCBD3 /* NotesViewController.swift */,
				3070225D201F422F000BCBD3 /* Assets.xcassets */,
				3070225F201F422F000BCBD3 /* LaunchScreen.storyboard */,
				30702262201F422F000BCBD3 /* Info.plist */,
				3070225A201F422F000BCBD3 /* CWO2.xcdatamodeld */,
			);
			path = CWO2;
			sourceTree = "<group>";
		};
/* End PBXGroup section */

/* Begin PBXNativeTarget section */
		3070224F201F422F000BCBD3 /* CWO2 */ = {
			isa = PBXNativeTarget;
			buildConfigurationList = 30702265201F4230000BCBD3 /* Build configuration list for PBXNativeTarget "CWO2" */;
			buildPhases = (
				3070224C201F422F000BCBD3 /* Sources */,
				3070224D201F422F000BCBD3 /* Frameworks */,
				3070224E201F422F000BCBD3 /* Resources */,
			);
			buildRules = (
			);
			dependencies = (
			);
			name = CWO2;
			productName = CWO2;
			productReference = 30702250201F422F000BCBD3 /* CWO2.app */;
			productType = "com.apple.product-type.application";
		};
/* End PBXNativeTarget section */

/* Begin PBXProject section */
		30702248201F422F000BCBD3 /* Project object */ = {
			isa = PBXProject;
			attributes = {
				LastSwiftUpdateCheck = 0920;
				LastUpgradeCheck = 0920;
				ORGANIZATIONNAME = "Pim Praat";
				TargetAttributes = {
					3070224F201F422F000BCBD3 = {
						CreatedOnToolsVersion = 9.2;
						ProvisioningStyle = Automatic;
					};
				};
			};
			buildConfigurationList = 3070224B201F422F000BCBD3 /* Build configuration list for PBXProject "CWO2" */;
			compatibilityVersion = "Xcode 8.0";
			developmentRegion = en;
			hasScannedForEncodings = 0;
			knownRegions = (
				en,
				Base,
			);
			mainGroup = 30702247201F422F000BCBD3;
			productRefGroup = 30702251201F422F000BCBD3 /* Products */;
			projectDirPath = "";
			projectRoot = "";
			targets = (
				3070224F201F422F000BCBD3 /* CWO2 */,
			);
		};
/* End PBXProject section */

/* Begin PBXResourcesBuildPhase section */
		3070224E201F422F000BCBD3 /* Resources */ = {
			isa = PBXResourcesBuildPhase;
			buildActionMask = 2147483647;
			files = (
				30702261201F422F000BCBD3 /* LaunchScreen.storyboard in Resources */,
				3070225E201F422F000BCBD3 /* Assets.xcassets in Resources */,
				30702259201F422F000BCBD3 /* Main.storyboard in Resources */,
			);
			runOnlyForDeploymentPostprocessing = 0;
		};
/* End PBXResourcesBuildPhase section */

/* Begin PBXSourcesBuildPhase section */
		3070224C201F422F000BCBD3 /* Sources */ = {
			isa = PBXSourcesBuildPhase;
			buildActionMask = 2147483647;
			files = (
				30702269201F4594000BCBD3 /* NotesViewController.swift in Sources */,
				307CB29620207F2700C7B388 /* LesViewController.swift in Sources */,
				307CB2982020892D00C7B388 /* SelectSailorViewController.swift in Sources */,
				30C299B2202271E3001207F5 /* SailorSettingsViewController.swift in Sources */,
				30702256201F422F000BCBD3 /* ViewController.swift in Sources */,
				3070225C201F422F000BCBD3 /* CWO2.xcdatamodeld in Sources */,
				307CB294202077D000C7B388 /* SkillsViewController.swift in Sources */,
				30702254201F422F000BCBD3 /* AppDelegate.swift in Sources */,
			);
			runOnlyForDeploymentPostprocessing = 0;
		};
/* End PBXSourcesBuildPhase section */

/* Begin PBXVariantGroup section */
		30702257201F422F000BCBD3 /* Main.storyboard */ = {
			isa = PBXVariantGroup;
			children = (
				30702258201F422F000BCBD3 /* Base */,
			);
			name = Main.storyboard;
			sourceTree = "<group>";
		};
		3070225F201F422F000BCBD3 /* LaunchScreen.storyboard */ = {
			isa = PBXVariantGroup;
			children = (
				30702260201F422F000BCBD3 /* Base */,
			);
			name = LaunchScreen.storyboard;
			sourceTree = "<group>";
		};
/* End PBXVariantGroup section */

/* Begin XCBuildConfiguration section */
		30702263201F422F000BCBD3 /* Debug */ = {
			isa = XCBuildConfiguration;
			buildSettings = {
				ALWAYS_SEARCH_USER_PATHS = NO;
				CLANG_ANALYZER_NONNULL = YES;
				CLANG_ANALYZER_NUMBER_OBJECT_CONVERSION = YES_AGGRESSIVE;
				CLANG_CXX_LANGUAGE_STANDARD = "gnu++14";
				CLANG_CXX_LIBRARY = "libc++";
				CLANG_ENABLE_MODULES = YES;
				CLANG_ENABLE_OBJC_ARC = YES;
				CLANG_WARN_BLOCK_CAPTURE_AUTORELEASING = YES;
				CLANG_WARN_BOOL_CONVERSION = YES;
				CLANG_WARN_COMMA = YES;
				CLANG_WARN_CONSTANT_CONVERSION = YES;
				CLANG_WARN_DIRECT_OBJC_ISA_USAGE = YES_ERROR;
				CLANG_WARN_DOCUMENTATION_COMMENTS = YES;
				CLANG_WARN_EMPTY_BODY = YES;
				CLANG_WARN_ENUM_CONVERSION = YES;
				CLANG_WARN_INFINITE_RECURSION = YES;
				CLANG_WARN_INT_CONVERSION = YES;
				CLANG_WARN_NON_LITERAL_NULL_CONVERSION = YES;
				CLANG_WARN_OBJC_LITERAL_CONVERSION = YES;
				CLANG_WARN_OBJC_ROOT_CLASS = YES_ERROR;
				CLANG_WARN_RANGE_LOOP_ANALYSIS = YES;
				CLANG_WARN_STRICT_PROTOTYPES = YES;
				CLANG_WARN_SUSPICIOUS_MOVE = YES;
				CLANG_WARN_UNGUARDED_AVAILABILITY = YES_AGGRESSIVE;
				CLANG_WARN_UNREACHABLE_CODE = YES;
				CLANG_WARN__DUPLICATE_METHOD_MATCH = YES;
				CODE_SIGN_IDENTITY = "iPhone Developer";
				COPY_PHASE_STRIP = NO;
				DEBUG_INFORMATION_FORMAT = dwarf;
				ENABLE_STRICT_OBJC_MSGSEND = YES;
				ENABLE_TESTABILITY = YES;
				GCC_C_LANGUAGE_STANDARD = gnu11;
				GCC_DYNAMIC_NO_PIC = NO;
				GCC_NO_COMMON_BLOCKS = YES;
				GCC_OPTIMIZATION_LEVEL = 0;
				GCC_PREPROCESSOR_DEFINITIONS = (
					"DEBUG=1",
					"$(inherited)",
				);
				GCC_WARN_64_TO_32_BIT_CONVERSION = YES;
				GCC_WARN_ABOUT_RETURN_TYPE = YES_ERROR;
				GCC_WARN_UNDECLARED_SELECTOR = YES;
				GCC_WARN_UNINITIALIZED_AUTOS = YES_AGGRESSIVE;
				GCC_WARN_UNUSED_FUNCTION = YES;
				GCC_WARN_UNUSED_VARIABLE = YES;
				IPHONEOS_DEPLOYMENT_TARGET = 11.2;
				MTL_ENABLE_DEBUG_INFO = YES;
				ONLY_ACTIVE_ARCH = YES;
				SDKROOT = iphoneos;
				SWIFT_ACTIVE_COMPILATION_CONDITIONS = DEBUG;
				SWIFT_OPTIMIZATION_LEVEL = "-Onone";
			};
			name = Debug;
		};
		30702264201F422F000BCBD3 /* Release */ = {
			isa = XCBuildConfiguration;
			buildSettings = {
				ALWAYS_SEARCH_USER_PATHS = NO;
				CLANG_ANALYZER_NONNULL = YES;
				CLANG_ANALYZER_NUMBER_OBJECT_CONVERSION = YES_AGGRESSIVE;
				CLANG_CXX_LANGUAGE_STANDARD = "gnu++14";
				CLANG_CXX_LIBRARY = "libc++";
				CLANG_ENABLE_MODULES = YES;
				CLANG_ENABLE_OBJC_ARC = YES;
				CLANG_WARN_BLOCK_CAPTURE_AUTORELEASING = YES;
				CLANG_WARN_BOOL_CONVERSION = YES;
				CLANG_WARN_COMMA = YES;
				CLANG_WARN_CONSTANT_CONVERSION = YES;
				CLANG_WARN_DIRECT_OBJC_ISA_USAGE = YES_ERROR;
				CLANG_WARN_DOCUMENTATION_COMMENTS = YES;
				CLANG_WARN_EMPTY_BODY = YES;
				CLANG_WARN_ENUM_CONVERSION = YES;
				CLANG_WARN_INFINITE_RECURSION = YES;
				CLANG_WARN_INT_CONVERSION = YES;
				CLANG_WARN_NON_LITERAL_NULL_CONVERSION = YES;
				CLANG_WARN_OBJC_LITERAL_CONVERSION = YES;
				CLANG_WARN_OBJC_ROOT_CLASS = YES_ERROR;
				CLANG_WARN_RANGE_LOOP_ANALYSIS = YES;
				CLANG_WARN_STRICT_PROTOTYPES = YES;
				CLANG_WARN_SUSPICIOUS_MOVE = YES;
				CLANG_WARN_UNGUARDED_AVAILABILITY = YES_AGGRESSIVE;
				CLANG_WARN_UNREACHABLE_CODE = YES;
				CLANG_WARN__DUPLICATE_METHOD_MATCH = YES;
				CODE_SIGN_IDENTITY = "iPhone Developer";
				COPY_PHASE_STRIP = NO;
				DEBUG_INFORMATION_FORMAT = "dwarf-with-dsym";
				ENABLE_NS_ASSERTIONS = NO;
				ENABLE_STRICT_OBJC_MSGSEND = YES;
				GCC_C_LANGUAGE_STANDARD = gnu11;
				GCC_NO_COMMON_BLOCKS = YES;
				GCC_WARN_64_TO_32_BIT_CONVERSION = YES;
				GCC_WARN_ABOUT_RETURN_TYPE = YES_ERROR;
				GCC_WARN_UNDECLARED_SELECTOR = YES;
				GCC_WARN_UNINITIALIZED_AUTOS = YES_AGGRESSIVE;
				GCC_WARN_UNUSED_FUNCTION = YES;
				GCC_WARN_UNUSED_VARIABLE = YES;
				IPHONEOS_DEPLOYMENT_TARGET = 11.2;
				MTL_ENABLE_DEBUG_INFO = NO;
				SDKROOT = iphoneos;
				SWIFT_OPTIMIZATION_LEVEL = "-Owholemodule";
				VALIDATE_PRODUCT = YES;
			};
			name = Release;
		};
		30702266201F4230000BCBD3 /* Debug */ = {
			isa = XCBuildConfiguration;
			buildSettings = {
				ASSETCATALOG_COMPILER_APPICON_NAME = AppIcon;
				CODE_SIGN_STYLE = Automatic;
				DEVELOPMENT_TEAM = 7963Q8L7YR;
				INFOPLIST_FILE = CWO2/Info.plist;
				LD_RUNPATH_SEARCH_PATHS = "$(inherited) @executable_path/Frameworks";
				PRODUCT_BUNDLE_IDENTIFIER = "Pim-Praat.CWO2";
				PRODUCT_NAME = "$(TARGET_NAME)";
				SWIFT_VERSION = 4.0;
				TARGETED_DEVICE_FAMILY = "1,2";
			};
			name = Debug;
		};
		30702267201F4230000BCBD3 /* Release */ = {
			isa = XCBuildConfiguration;
			buildSettings = {
				ASSETCATALOG_COMPILER_APPICON_NAME = AppIcon;
				CODE_SIGN_STYLE = Automatic;
				DEVELOPMENT_TEAM = 7963Q8L7YR;
				INFOPLIST_FILE = CWO2/Info.plist;
				LD_RUNPATH_SEARCH_PATHS = "$(inherited) @executable_path/Frameworks";
				PRODUCT_BUNDLE_IDENTIFIER = "Pim-Praat.CWO2";
				PRODUCT_NAME = "$(TARGET_NAME)";
				SWIFT_VERSION = 4.0;
				TARGETED_DEVICE_FAMILY = "1,2";
			};
			name = Release;
		};
/* End XCBuildConfiguration section */

/* Begin XCConfigurationList section */
		3070224B201F422F000BCBD3 /* Build configuration list for PBXProject "CWO2" */ = {
			isa = XCConfigurationList;
			buildConfigurations = (
				30702263201F422F000BCBD3 /* Debug */,
				30702264201F422F000BCBD3 /* Release */,
			);
			defaultConfigurationIsVisible = 0;
			defaultConfigurationName = Release;
		};
		30702265201F4230000BCBD3 /* Build configuration list for PBXNativeTarget "CWO2" */ = {
			isa = XCConfigurationList;
			buildConfigurations = (
				30702266201F4230000BCBD3 /* Debug */,
				30702267201F4230000BCBD3 /* Release */,
			);
			defaultConfigurationIsVisible = 0;
			defaultConfigurationName = Release;
		};
/* End XCConfigurationList section */

/* Begin XCVersionGroup section */
		3070225A201F422F000BCBD3 /* CWO2.xcdatamodeld */ = {
			isa = XCVersionGroup;
			children = (
				3070225B201F422F000BCBD3 /* CWO2.xcdatamodel */,
			);
			currentVersion = 3070225B201F422F000BCBD3 /* CWO2.xcdatamodel */;
			path = CWO2.xcdatamodeld;
			sourceTree = "<group>";
			versionGroupType = wrapper.xcdatamodel;
		};
/* End XCVersionGroup section */
	};
	rootObject = 30702248201F422F000BCBD3 /* Project object */;
}
